lockfileVersion: '9.0'

settings:
  autoInstallPeers: true
  excludeLinksFromLockfile: false

importers:

  .:
    dependencies:
      dotenv:
        specifier: ^17.4.2
        version: 17.4.2
      js-yaml:
        specifier: ^5.4.1
        version: 5.4.1
      node-telegram-bot-api:
        specifier: ^2.1.0
        version: 2.1.0
      undici:
        specifier: ^8.10.0
        version: 8.10.0

packages:

  argparse@2.0.1:
    resolution: {integrity: sha512-8+9WqebbFzpX9OR+Wa6O29asIogeRMzcGtAINdpMHHyAg10f05aSFVBbcEqGf/PXw1EjAZ+q2/bEBg3DvurK3Q==}

  dotenv@17.4.2:
    resolution: {integrity: sha512-nI4U3TottKAcAD9LLud4Cb7b2QztQMUEfHbvhTH09bqXTxnSie8WnjPALV/WMCrJZ6UV/qHJ6L03OqO3LcdYZw==}
    engines: {node: '>=12'}

  js-yaml@5.4.1:
    resolution: {integrity: sha512-28R/k+NAjeuf7+CKlTxWZVExJGwVVLwY06DgEnOMz2gEpfNkDcD7QvyiVPT0xy0XXhU8vHsd4Ot42OOPdJG7dQ==}
    hasBin: true

  node-telegram-bot-api@2.1.0:
    resolution: {integrity: sha512-IXWp7Qzhwv21DqTw0g1CcppTb4TCzrQ949RVdtAmgiHAu3KbcRPyCAFXLaFAViqWDVx8GLZjnWiWJ7pWSj2PRA==}
    engines: {node: '>=18'}

  undici@8.10.0:
    resolution: {integrity: sha512-HvltHd7avK13QIw/oLe4qoOLyoVSoafqJ2jYOrtMRBkbYT31eiBQ8O0ehRKZiEZCMEyLFQNIADpgCWC5fALvYQ==}
    engines: {node: '>=22.19.0'}

snapshots:

  argparse@2.0.1: {}

  dotenv@17.4.2: {}

  js-yaml@5.4.1:
    dependencies:
      argparse: 2.0.1

  node-telegram-bot-api@2.1.0: {}

  undici@8.10.0: {}
